
Microsoft Visual Studio Solution File, Format Version 12.00
# Visual Studio 14
VisualStudioVersion = 14.0.25123.0
MinimumVisualStudioVersion = 10.0.40219.1
Project("{FAE04EC0-301F-11D3-BF4B-00C04F79EFBC}") = "WebHttpBindingExample", "WebHttpBindingExample\WebHttpBindingExample.csproj", "{3028F6A3-480B-4054-84CE-18CF8135958E}"
EndProject
Project("{FAE04EC0-301F-11D3-BF4B-00C04F79EFBC}") = "ConsoleWebHttpBindingExample", "ConsoleWebHttpBindingExample\ConsoleWebHttpBindingExample.csproj", "{B1FA4D97-F523-472A-8EAC-86BA2B8FDA55}"
EndProject
Global
	GlobalSection(SolutionConfigurationPlatforms) = preSolution
		Debug|Any CPU = Debug|Any CPU
		Release|Any CPU = Release|Any CPU
	EndGlobalSection
	GlobalSection(ProjectConfigurationPlatforms) = postSolution
		{3028F6A3-480B-4054-84CE-18CF8135958E}.Debug|Any CPU.ActiveCfg = Debug|Any CPU
		{3028F6A3-480B-4054-84CE-18CF8135958E}.Debug|Any CPU.Build.0 = Debug|Any CPU
		{3028F6A3-480B-4054-84CE-18CF8135958E}.Release|Any CPU.ActiveCfg = Release|Any CPU
		{3028F6A3-480B-4054-84CE-18CF8135958E}.Release|Any CPU.Build.0 = Release|Any CPU
		{B1FA4D97-F523-472A-8EAC-86BA2B8FDA55}.Debug|Any CPU.ActiveCfg = Debug|Any CPU
		{B1FA4D97-F523-472A-8EAC-86BA2B8FDA55}.Debug|Any CPU.Build.0 = Debug|Any CPU
		{B1FA4D97-F523-472A-8EAC-86BA2B8FDA55}.Release|Any CPU.ActiveCfg = Release|Any CPU
		{B1FA4D97-F523-472A-8EAC-86BA2B8FDA55}.Release|Any CPU.Build.0 = Release|Any CPU
	EndGlobalSection
	GlobalSection(SolutionProperties) = preSolution
		HideSolutionNode = FALSE
	EndGlobalSection
EndGlobal
